
Microsoft Visual Studio Solution File, Format Version 12.00
# Visual Studio Version 17
VisualStudioVersion = 17.4.33213.308
MinimumVisualStudioVersion = 10.0.40219.1
Project("{FAE04EC0-301F-11D3-BF4B-00C04F79EFBC}") = "Week14-OOP", "Week14-OOP\Week14-OOP.csproj", "{DBB27653-6234-40C3-A8F2-93CEBE18D829}"
EndProject
Global
	GlobalSection(SolutionConfigurationPlatforms) = preSolution
		Debug|Any CPU = Debug|Any CPU
		Release|Any CPU = Release|Any CPU
	EndGlobalSection
	GlobalSection(ProjectConfigurationPlatforms) = postSolution
		{DBB27653-6234-40C3-A8F2-93CEBE18D829}.Debug|Any CPU.ActiveCfg = Debug|Any CPU
		{DBB27653-6234-40C3-A8F2-93CEBE18D829}.Debug|Any CPU.Build.0 = Debug|Any CPU
		{DBB27653-6234-40C3-A8F2-93CEBE18D829}.Release|Any CPU.ActiveCfg = Release|Any CPU
		{DBB27653-6234-40C3-A8F2-93CEBE18D829}.Release|Any CPU.Build.0 = Release|Any CPU
	EndGlobalSection
	GlobalSection(SolutionProperties) = preSolution
		HideSolutionNode = FALSE
	EndGlobalSection
	GlobalSection(ExtensibilityGlobals) = postSolution
		SolutionGuid = {E8BC376C-6221-4054-A7F6-C9FF10B2A4AC}
	EndGlobalSection
EndGlobal
